
Microsoft Visual Studio Solution File, Format Version 12.00
# Visual Studio Version 17
VisualStudioVersion = 17.2.32630.192
MinimumVisualStudioVersion = 10.0.40219.1
Project("{FAE04EC0-301F-11D3-BF4B-00C04F79EFBC}") = "BookManageSystem", "BookManageSystem\BookManageSystem.csproj", "{BBBD128F-EF1F-4E4C-95DD-89A5D54161E7}"
EndProject
Global
	GlobalSection(SolutionConfigurationPlatforms) = preSolution
		Debug|Any CPU = Debug|Any CPU
		Release|Any CPU = Release|Any CPU
	EndGlobalSection
	GlobalSection(ProjectConfigurationPlatforms) = postSolution
		{BBBD128F-EF1F-4E4C-95DD-89A5D54161E7}.Debug|Any CPU.ActiveCfg = Debug|Any CPU
		{BBBD128F-EF1F-4E4C-95DD-89A5D54161E7}.Debug|Any CPU.Build.0 = Debug|Any CPU
		{BBBD128F-EF1F-4E4C-95DD-89A5D54161E7}.Release|Any CPU.ActiveCfg = Release|Any CPU
		{BBBD128F-EF1F-4E4C-95DD-89A5D54161E7}.Release|Any CPU.Build.0 = Release|Any CPU
	EndGlobalSection
	GlobalSection(SolutionProperties) = preSolution
		HideSolutionNode = FALSE
	EndGlobalSection
	GlobalSection(ExtensibilityGlobals) = postSolution
		SolutionGuid = {4CF95935-00F6-4727-963B-9F41AD6581FE}
	EndGlobalSection
EndGlobal
